
Microsoft Visual Studio Solution File, Format Version 12.00
# Visual Studio Version 16
VisualStudioVersion = 16.0.32630.194
MinimumVisualStudioVersion = 10.0.40219.1
Project("{FAE04EC0-301F-11D3-BF4B-00C04F79EFBC}") = "Precentacion", "Precentacion\Precentacion.csproj", "{4FEEA0A0-19E2-4722-B48C-8E3B6E6C4183}"
EndProject
Project("{FAE04EC0-301F-11D3-BF4B-00C04F79EFBC}") = "Conexion", "Conexion\Conexion.csproj", "{03D55866-1414-4AA1-AD50-C9A1175B51C1}"
EndProject
Project("{FAE04EC0-301F-11D3-BF4B-00C04F79EFBC}") = "ArticuloAdo", "ArticuloAdo\ArticuloAdo.csproj", "{D0A1A51B-9B62-40B7-A89A-BFA6B9D68D2D}"
EndProject
Global
	GlobalSection(SolutionConfigurationPlatforms) = preSolution
		Debug|Any CPU = Debug|Any CPU
		Release|Any CPU = Release|Any CPU
	EndGlobalSection
	GlobalSection(ProjectConfigurationPlatforms) = postSolution
		{4FEEA0A0-19E2-4722-B48C-8E3B6E6C4183}.Debug|Any CPU.ActiveCfg = Debug|Any CPU
		{4FEEA0A0-19E2-4722-B48C-8E3B6E6C4183}.Debug|Any CPU.Build.0 = Debug|Any CPU
		{4FEEA0A0-19E2-4722-B48C-8E3B6E6C4183}.Release|Any CPU.ActiveCfg = Release|Any CPU
		{4FEEA0A0-19E2-4722-B48C-8E3B6E6C4183}.Release|Any CPU.Build.0 = Release|Any CPU
		{03D55866-1414-4AA1-AD50-C9A1175B51C1}.Debug|Any CPU.ActiveCfg = Debug|Any CPU
		{03D55866-1414-4AA1-AD50-C9A1175B51C1}.Debug|Any CPU.Build.0 = Debug|Any CPU
		{03D55866-1414-4AA1-AD50-C9A1175B51C1}.Release|Any CPU.ActiveCfg = Release|Any CPU
		{03D55866-1414-4AA1-AD50-C9A1175B51C1}.Release|Any CPU.Build.0 = Release|Any CPU
		{D0A1A51B-9B62-40B7-A89A-BFA6B9D68D2D}.Debug|Any CPU.ActiveCfg = Debug|Any CPU
		{D0A1A51B-9B62-40B7-A89A-BFA6B9D68D2D}.Debug|Any CPU.Build.0 = Debug|Any CPU
		{D0A1A51B-9B62-40B7-A89A-BFA6B9D68D2D}.Release|Any CPU.ActiveCfg = Release|Any CPU
		{D0A1A51B-9B62-40B7-A89A-BFA6B9D68D2D}.Release|Any CPU.Build.0 = Release|Any CPU
	EndGlobalSection
	GlobalSection(SolutionProperties) = preSolution
		HideSolutionNode = FALSE
	EndGlobalSection
	GlobalSection(ExtensibilityGlobals) = postSolution
		SolutionGuid = {1653FD56-951A-4D9C-9573-CAB6D53B5911}
	EndGlobalSection
EndGlobal
